
Microsoft Visual Studio Solution File, Format Version 12.00
# Visual Studio Version 17
VisualStudioVersion = 17.0.31903.59
MinimumVisualStudioVersion = 10.0.40219.1
Project("{FAE04EC0-301F-11D3-BF4B-00C04F79EFBC}") = "Biblioteca", "Biblioteca\Biblioteca.csproj", "{AEB0CC62-6A56-42A7-933C-DBB31415949A}"
EndProject
Project("{FAE04EC0-301F-11D3-BF4B-00C04F79EFBC}") = "Tests", "Tests\Tests.csproj", "{5071B384-C432-4D52-8AD3-29240A19B090}"
EndProject
Global
	GlobalSection(SolutionConfigurationPlatforms) = preSolution
		Debug|Any CPU = Debug|Any CPU
		Debug|x64 = Debug|x64
		Debug|x86 = Debug|x86
		Release|Any CPU = Release|Any CPU
		Release|x64 = Release|x64
		Release|x86 = Release|x86
	EndGlobalSection
	GlobalSection(ProjectConfigurationPlatforms) = postSolution
		{AEB0CC62-6A56-42A7-933C-DBB31415949A}.Debug|Any CPU.ActiveCfg = Debug|Any CPU
		{AEB0CC62-6A56-42A7-933C-DBB31415949A}.Debug|Any CPU.Build.0 = Debug|Any CPU
		{AEB0CC62-6A56-42A7-933C-DBB31415949A}.Debug|x64.ActiveCfg = Debug|Any CPU
		{AEB0CC62-6A56-42A7-933C-DBB31415949A}.Debug|x64.Build.0 = Debug|Any CPU
		{AEB0CC62-6A56-42A7-933C-DBB31415949A}.Debug|x86.ActiveCfg = Debug|Any CPU
		{AEB0CC62-6A56-42A7-933C-DBB31415949A}.Debug|x86.Build.0 = Debug|Any CPU
		{AEB0CC62-6A56-42A7-933C-DBB31415949A}.Release|Any CPU.ActiveCfg = Release|Any CPU
		{AEB0CC62-6A56-42A7-933C-DBB31415949A}.Release|Any CPU.Build.0 = Release|Any CPU
		{AEB0CC62-6A56-42A7-933C-DBB31415949A}.Release|x64.ActiveCfg = Release|Any CPU
		{AEB0CC62-6A56-42A7-933C-DBB31415949A}.Release|x64.Build.0 = Release|Any CPU
		{AEB0CC62-6A56-42A7-933C-DBB31415949A}.Release|x86.ActiveCfg = Release|Any CPU
		{AEB0CC62-6A56-42A7-933C-DBB31415949A}.Release|x86.Build.0 = Release|Any CPU
		{5071B384-C432-4D52-8AD3-29240A19B090}.Debug|Any CPU.ActiveCfg = Debug|Any CPU
		{5071B384-C432-4D52-8AD3-29240A19B090}.Debug|Any CPU.Build.0 = Debug|Any CPU
		{5071B384-C432-4D52-8AD3-29240A19B090}.Debug|x64.ActiveCfg = Debug|Any CPU
		{5071B384-C432-4D52-8AD3-29240A19B090}.Debug|x64.Build.0 = Debug|Any CPU
		{5071B384-C432-4D52-8AD3-29240A19B090}.Debug|x86.ActiveCfg = Debug|Any CPU
		{5071B384-C432-4D52-8AD3-29240A19B090}.Debug|x86.Build.0 = Debug|Any CPU
		{5071B384-C432-4D52-8AD3-29240A19B090}.Release|Any CPU.ActiveCfg = Release|Any CPU
		{5071B384-C432-4D52-8AD3-29240A19B090}.Release|Any CPU.Build.0 = Release|Any CPU
		{5071B384-C432-4D52-8AD3-29240A19B090}.Release|x64.ActiveCfg = Release|Any CPU
		{5071B384-C432-4D52-8AD3-29240A19B090}.Release|x64.Build.0 = Release|Any CPU
		{5071B384-C432-4D52-8AD3-29240A19B090}.Release|x86.ActiveCfg = Release|Any CPU
		{5071B384-C432-4D52-8AD3-29240A19B090}.Release|x86.Build.0 = Release|Any CPU
	EndGlobalSection
	GlobalSection(SolutionProperties) = preSolution
		HideSolutionNode = FALSE
	EndGlobalSection
EndGlobal
